
Microsoft Visual Studio Solution File, Format Version 12.00
# Visual Studio Version 17
VisualStudioVersion = 17.7.34031.279
MinimumVisualStudioVersion = 10.0.40219.1
Project("{FAE04EC0-301F-11D3-BF4B-00C04F79EFBC}") = "BasicWebApp", "BasicWebApp\BasicWebApp.csproj", "{29603BE6-DBDA-465F-920F-ED0D3F3B2D51}"
EndProject
Global
	GlobalSection(SolutionConfigurationPlatforms) = preSolution
		Debug|Any CPU = Debug|Any CPU
		Release|Any CPU = Release|Any CPU
	EndGlobalSection
	GlobalSection(ProjectConfigurationPlatforms) = postSolution
		{29603BE6-DBDA-465F-920F-ED0D3F3B2D51}.Debug|Any CPU.ActiveCfg = Debug|Any CPU
		{29603BE6-DBDA-465F-920F-ED0D3F3B2D51}.Debug|Any CPU.Build.0 = Debug|Any CPU
		{29603BE6-DBDA-465F-920F-ED0D3F3B2D51}.Release|Any CPU.ActiveCfg = Release|Any CPU
		{29603BE6-DBDA-465F-920F-ED0D3F3B2D51}.Release|Any CPU.Build.0 = Release|Any CPU
	EndGlobalSection
	GlobalSection(SolutionProperties) = preSolution
		HideSolutionNode = FALSE
	EndGlobalSection
	GlobalSection(ExtensibilityGlobals) = postSolution
		SolutionGuid = {949616EC-ABF9-4867-AFFD-00E503216EDB}
	EndGlobalSection
EndGlobal
