
Microsoft Visual Studio Solution File, Format Version 12.00
# Visual Studio Version 17
VisualStudioVersion = 17.8.34511.84
MinimumVisualStudioVersion = 10.0.40219.1
Project("{FAE04EC0-301F-11D3-BF4B-00C04F79EFBC}") = "masterPage", "masterPage.csproj", "{DEF85BDC-67DF-473C-9B19-CE69D2AF9B49}"
EndProject
Global
	GlobalSection(SolutionConfigurationPlatforms) = preSolution
		Debug|Any CPU = Debug|Any CPU
		Release|Any CPU = Release|Any CPU
	EndGlobalSection
	GlobalSection(ProjectConfigurationPlatforms) = postSolution
		{DEF85BDC-67DF-473C-9B19-CE69D2AF9B49}.Debug|Any CPU.ActiveCfg = Debug|Any CPU
		{DEF85BDC-67DF-473C-9B19-CE69D2AF9B49}.Debug|Any CPU.Build.0 = Debug|Any CPU
		{DEF85BDC-67DF-473C-9B19-CE69D2AF9B49}.Release|Any CPU.ActiveCfg = Release|Any CPU
		{DEF85BDC-67DF-473C-9B19-CE69D2AF9B49}.Release|Any CPU.Build.0 = Release|Any CPU
	EndGlobalSection
	GlobalSection(SolutionProperties) = preSolution
		HideSolutionNode = FALSE
	EndGlobalSection
	GlobalSection(ExtensibilityGlobals) = postSolution
		SolutionGuid = {4783DB29-3048-4E30-8E45-28AD77091CE8}
	EndGlobalSection
EndGlobal
